
Microsoft Visual Studio Solution File, Format Version 12.00
# Visual Studio Version 16
VisualStudioVersion = 16.0.29709.97
MinimumVisualStudioVersion = 10.0.40219.1
Project("{FAE04EC0-301F-11D3-BF4B-00C04F79EFBC}") = "CCTV-Accord", "CCTV-Accord\CCTV-Accord.csproj", "{ED5DAB7E-8CB0-4078-AC5C-7F53E67C4E73}"
EndProject
Project("{FAE04EC0-301F-11D3-BF4B-00C04F79EFBC}") = "TestCapture", "TestCapture\TestCapture.csproj", "{6D434B3F-1954-485E-B741-DEF75EBCF7D0}"
EndProject
Global
	GlobalSection(SolutionConfigurationPlatforms) = preSolution
		Debug|Any CPU = Debug|Any CPU
		Release|Any CPU = Release|Any CPU
	EndGlobalSection
	GlobalSection(ProjectConfigurationPlatforms) = postSolution
		{ED5DAB7E-8CB0-4078-AC5C-7F53E67C4E73}.Debug|Any CPU.ActiveCfg = Debug|Any CPU
		{ED5DAB7E-8CB0-4078-AC5C-7F53E67C4E73}.Debug|Any CPU.Build.0 = Debug|Any CPU
		{ED5DAB7E-8CB0-4078-AC5C-7F53E67C4E73}.Release|Any CPU.ActiveCfg = Release|Any CPU
		{ED5DAB7E-8CB0-4078-AC5C-7F53E67C4E73}.Release|Any CPU.Build.0 = Release|Any CPU
		{6D434B3F-1954-485E-B741-DEF75EBCF7D0}.Debug|Any CPU.ActiveCfg = Debug|Any CPU
		{6D434B3F-1954-485E-B741-DEF75EBCF7D0}.Debug|Any CPU.Build.0 = Debug|Any CPU
		{6D434B3F-1954-485E-B741-DEF75EBCF7D0}.Release|Any CPU.ActiveCfg = Release|Any CPU
		{6D434B3F-1954-485E-B741-DEF75EBCF7D0}.Release|Any CPU.Build.0 = Release|Any CPU
	EndGlobalSection
	GlobalSection(SolutionProperties) = preSolution
		HideSolutionNode = FALSE
	EndGlobalSection
	GlobalSection(ExtensibilityGlobals) = postSolution
		SolutionGuid = {E7FFBB16-13E9-46A4-85CD-091F05D323CE}
	EndGlobalSection
EndGlobal
